<Solution>
  <Project Path="ClinicaOdontologica.API/ClinicaOdontologica.API.csproj" Id="f4f0167f-d24a-4e39-9f65-d375e1c5117c" />
  <Project Path="ClinicaOdontologica.Consumer/ClinicaOdontologica.Consumer.csproj" Id="03c826b6-dd09-43f5-aa04-59562812d98a" />
  <Project Path="ClinicaOdontologicaModelos/ClinicaOdontologicaModelos.csproj" />
</Solution>
